# This file is automatically @generated by Poetry 2.1.3 and should not be changed by hand.

[[package]]
name = "mypy-protobuf"
version = "3.6.0"
description = "Generate mypy stub files from protobuf specs"
optional = false
python-versions = ">=3.8"
groups = ["dev"]
files = [
    {file = "mypy-protobuf-3.6.0.tar.gz", hash = "sha256:02f242eb3409f66889f2b1a3aa58356ec4d909cdd0f93115622e9e70366eca3c"},
    {file = "mypy_protobuf-3.6.0-py3-none-any.whl", hash = "sha256:56176e4d569070e7350ea620262478b49b7efceba4103d468448f1d21492fd6c"},
]

[package.dependencies]
protobuf = ">=4.25.3"
types-protobuf = ">=4.24"

[[package]]
name = "protobuf"
version = "6.30.2"
description = ""
optional = false
python-versions = ">=3.9"
groups = ["main", "dev"]
files = [
    {file = "protobuf-6.30.2-cp310-abi3-win32.whl", hash = "sha256:b12ef7df7b9329886e66404bef5e9ce6a26b54069d7f7436a0853ccdeb91c103"},
    {file = "protobuf-6.30.2-cp310-abi3-win_amd64.whl", hash = "sha256:7653c99774f73fe6b9301b87da52af0e69783a2e371e8b599b3e9cb4da4b12b9"},
    {file = "protobuf-6.30.2-cp39-abi3-macosx_10_9_universal2.whl", hash = "sha256:0eb523c550a66a09a0c20f86dd554afbf4d32b02af34ae53d93268c1f73bc65b"},
    {file = "protobuf-6.30.2-cp39-abi3-manylinux2014_aarch64.whl", hash = "sha256:50f32cc9fd9cb09c783ebc275611b4f19dfdfb68d1ee55d2f0c7fa040df96815"},
    {file = "protobuf-6.30.2-cp39-abi3-manylinux2014_x86_64.whl", hash = "sha256:4f6c687ae8efae6cf6093389a596548214467778146b7245e886f35e1485315d"},
    {file = "protobuf-6.30.2-cp39-cp39-win32.whl", hash = "sha256:524afedc03b31b15586ca7f64d877a98b184f007180ce25183d1a5cb230ee72b"},
    {file = "protobuf-6.30.2-cp39-cp39-win_amd64.whl", hash = "sha256:acec579c39c88bd8fbbacab1b8052c793efe83a0a5bd99db4a31423a25c0a0e2"},
    {file = "protobuf-6.30.2-py3-none-any.whl", hash = "sha256:ae86b030e69a98e08c77beab574cbcb9fff6d031d57209f574a5aea1445f4b51"},
    {file = "protobuf-6.30.2.tar.gz", hash = "sha256:35c859ae076d8c56054c25b59e5e59638d86545ed6e2b6efac6be0b6ea3ba048"},
]

[[package]]
name = "types-protobuf"
version = "6.30.2.20250506"
description = "Typing stubs for protobuf"
optional = false
python-versions = ">=3.9"
groups = ["dev"]
files = [
    {file = "types_protobuf-6.30.2.20250506-py3-none-any.whl", hash = "sha256:e5452f088a8d227e7126c859a908c5354611cda9ac90a6cc603d99d4a08f8444"},
    {file = "types_protobuf-6.30.2.20250506.tar.gz", hash = "sha256:dc9ee544794f00545ea3a3028295a4b111181e510bed17ab88239274655cf512"},
]

[metadata]
lock-version = "2.1"
python-versions = "^3.10"
content-hash = "ed8d9797fce249ba01d113f6a51d6b5851e76aaba5bc9fc9cea1953481b33502"
